
Microsoft Visual Studio Solution File, Format Version 12.00
# Visual Studio Version 17
VisualStudioVersion = 17.5.33530.505
MinimumVisualStudioVersion = 10.0.40219.1
Project("{FAE04EC0-301F-11D3-BF4B-00C04F79EFBC}") = "Laboratorio 2 - Semana 5", "Laboratorio 2 - Semana 5\Laboratorio 2 - Semana 5.csproj", "{1BFD8D17-36AC-43CF-BDA5-930678A9222E}"
EndProject
Global
	GlobalSection(SolutionConfigurationPlatforms) = preSolution
		Debug|Any CPU = Debug|Any CPU
		Release|Any CPU = Release|Any CPU
	EndGlobalSection
	GlobalSection(ProjectConfigurationPlatforms) = postSolution
		{1BFD8D17-36AC-43CF-BDA5-930678A9222E}.Debug|Any CPU.ActiveCfg = Debug|Any CPU
		{1BFD8D17-36AC-43CF-BDA5-930678A9222E}.Debug|Any CPU.Build.0 = Debug|Any CPU
		{1BFD8D17-36AC-43CF-BDA5-930678A9222E}.Release|Any CPU.ActiveCfg = Release|Any CPU
		{1BFD8D17-36AC-43CF-BDA5-930678A9222E}.Release|Any CPU.Build.0 = Release|Any CPU
	EndGlobalSection
	GlobalSection(SolutionProperties) = preSolution
		HideSolutionNode = FALSE
	EndGlobalSection
	GlobalSection(ExtensibilityGlobals) = postSolution
		SolutionGuid = {25AA20E6-4D37-4E9B-B418-EB99CA6F2110}
	EndGlobalSection
EndGlobal
